version = 1
requires-python = ">=3.13"

[[package]]
name = "annotated-types"
version = "0.7.0"
source = { registry = "https://pypi.org/simple" }
sdist = { url = "https://files.pythonhosted.org/packages/ee/67/531ea369ba64dcff5ec9c3402f9f51bf748cec26dde048a2f973a4eea7f5/annotated_types-0.7.0.tar.gz", hash = "sha256:aff07c09a53a08bc8cfccb9c85b05f1aa9a2a6f23728d790723543408344ce89", size = 16081 }
wheels = [
    { url = "https://files.pythonhosted.org/packages/78/b6/6307fbef88d9b5ee7421e68d78a9f162e0da4900bc5f5793f6d3d0e34fb8/annotated_types-0.7.0-py3-none-any.whl", hash = "sha256:1f02e8b43a8fbbc3f3e0d4f0f4bfc8131bcb4eebe8849b8e5c773f3a1c582a53", size = 13643 },
]

[[package]]
name = "anyio"
version = "4.10.0"
source = { registry = "https://pypi.org/simple" }
dependencies = [
    { name = "idna" },
    { name = "sniffio" },
]
sdist = { url = "https://files.pythonhosted.org/packages/f1/b4/636b3b65173d3ce9a38ef5f0522789614e590dab6a8d505340a4efe4c567/anyio-4.10.0.tar.gz", hash = "sha256:3f3fae35c96039744587aa5b8371e7e8e603c0702999535961dd336026973ba6", size = 213252 }
wheels = [
    { url = "https://files.pythonhosted.org/packages/6f/12/e5e0282d673bb9746bacfb6e2dba8719989d3660cdb2ea79aee9a9651afb/anyio-4.10.0-py3-none-any.whl", hash = "sha256:60e474ac86736bbfd6f210f7a61218939c318f43f9972497381f1c5e930ed3d1", size = 107213 },
]

[[package]]
name = "certifi"
version = "2025.8.3"
source = { registry = "https://pypi.org/simple" }
sdist = { url = "https://files.pythonhosted.org/packages/dc/67/960ebe6bf230a96cda2e0abcf73af550ec4f090005363542f0765df162e0/certifi-2025.8.3.tar.gz", hash = "sha256:e564105f78ded564e3ae7c923924435e1daa7463faeab5bb932bc53ffae63407", size = 162386 }
wheels = [
    { url = "https://files.pythonhosted.org/packages/e5/48/1549795ba7742c948d2ad169c1c8cdbae65bc450d6cd753d124b17c8cd32/certifi-2025.8.3-py3-none-any.whl", hash = "sha256:f6c12493cfb1b06ba2ff328595af9350c65d6644968e5d3a2ffd78699af217a5", size = 161216 },
]

[[package]]
name = "colorama"
version = "0.4.6"
source = { registry = "https://pypi.org/simple" }
sdist = { url = "https://files.pythonhosted.org/packages/d8/53/6f443c9a4a8358a93a6792e2acffb9d9d5cb0a5cfd8802644b7b1c9a02e4/colorama-0.4.6.tar.gz", hash = "sha256:08695f5cb7ed6e0531a20572697297273c47b8cae5a63ffc6d6ed5c201be6e44", size = 27697 }
wheels = [
    { url = "https://files.pythonhosted.org/packages/d1/d6/3965ed04c63042e047cb6a3e6ed1a63a35087b6a609aa3a15ed8ac56c221/colorama-0.4.6-py2.py3-none-any.whl", hash = "sha256:4f1d9991f5acc0ca119f9d443620b77f9d6b33703e51011c16baf57afb285fc6", size = 25335 },
]

[[package]]
name = "distro"
version = "1.9.0"
source = { registry = "https://pypi.org/simple" }
sdist = { url = "https://files.pythonhosted.org/packages/fc/f8/98eea607f65de6527f8a2e8885fc8015d3e6f5775df186e443e0964a11c3/distro-1.9.0.tar.gz", hash = "sha256:2fa77c6fd8940f116ee1d6b94a2f90b13b5ea8d019b98bc8bafdcabcdd9bdbed", size = 60722 }
wheels = [
    { url = "https://files.pythonhosted.org/packages/12/b3/231ffd4ab1fc9d679809f356cebee130ac7daa00d6d6f3206dd4fd137e9e/distro-1.9.0-py3-none-any.whl", hash = "sha256:7bffd925d65168f85027d8da9af6bddab658135b840670a223589bc0c8ef02b2", size = 20277 },
]

[[package]]
name = "genai-prices"
version = "0.0.23"
source = { registry = "https://pypi.org/simple" }
dependencies = [
    { name = "httpx" },
    { name = "pydantic" },
]
sdist = { url = "https://files.pythonhosted.org/packages/e6/77/2dfec0944aa12ee59e311288fe01192c945a25d60c35b24e9d82ec88bbe1/genai_prices-0.0.23.tar.gz", hash = "sha256:e888f79146dcf2a1032faed420a2f6238fa51973ebfa45bae544c0ee7b3ae0a7", size = 44296 }
wheels = [
    { url = "https://files.pythonhosted.org/packages/39/a2/299aec0026ada3b56fe08458b6535bbc74afb998bfae9869ce3c62276ec7/genai_prices-0.0.23-py3-none-any.whl", hash = "sha256:a7de9e6ce9c366bea451da998f61c9cd7bf635fd088ca97cbe57bf48dd51d3b3", size = 46644 },
]

[[package]]
name = "griffe"
version = "1.12.1"
source = { registry = "https://pypi.org/simple" }
dependencies = [
    { name = "colorama" },
]
sdist = { url = "https://files.pythonhosted.org/packages/81/ca/29f36e00c74844ae50d139cf5a8b1751887b2f4d5023af65d460268ad7aa/griffe-1.12.1.tar.gz", hash = "sha256:29f5a6114c0aeda7d9c86a570f736883f8a2c5b38b57323d56b3d1c000565567", size = 411863 }
wheels = [
    { url = "https://files.pythonhosted.org/packages/13/f2/4fab6c3e5bcaf38a44cc8a974d2752eaad4c129e45d6533d926a30edd133/griffe-1.12.1-py3-none-any.whl", hash = "sha256:2d7c12334de00089c31905424a00abcfd931b45b8b516967f224133903d302cc", size = 138940 },
]

[[package]]
name = "h11"
version = "0.16.0"
source = { registry = "https://pypi.org/simple" }
sdist = { url = "https://files.pythonhosted.org/packages/01/ee/02a2c011bdab74c6fb3c75474d40b3052059d95df7e73351460c8588d963/h11-0.16.0.tar.gz", hash = "sha256:4e35b956cf45792e4caa5885e69fba00bdbc6ffafbfa020300e549b208ee5ff1", size = 101250 }
wheels = [
    { url = "https://files.pythonhosted.org/packages/04/4b/29cac41a4d98d144bf5f6d33995617b185d14b22401f75ca86f384e87ff1/h11-0.16.0-py3-none-any.whl", hash = "sha256:63cf8bbe7522de3bf65932fda1d9c2772064ffb3dae62d55932da54b31cb6c86", size = 37515 },
]

[[package]]
name = "hiredis"
version = "3.2.1"
source = { registry = "https://pypi.org/simple" }
sdist = { url = "https://files.pythonhosted.org/packages/f7/08/24b72f425b75e1de7442fb1740f69ca66d5820b9f9c0e2511ff9aadab3b7/hiredis-3.2.1.tar.gz", hash = "sha256:5a5f64479bf04dd829fe7029fad0ea043eac4023abc6e946668cbbec3493a78d", size = 89096 }
wheels = [
    { url = "https://files.pythonhosted.org/packages/47/91/c07e737288e891c974277b9fa090f0a43c72ab6ccb5182117588f1c01269/hiredis-3.2.1-cp313-cp313-macosx_10_15_universal2.whl", hash = "sha256:7cabf7f1f06be221e1cbed1f34f00891a7bdfad05b23e4d315007dd42148f3d4", size = 82636 },
    { url = "https://files.pythonhosted.org/packages/92/20/02cb1820360eda419bc17eb835eca976079e2b3e48aecc5de0666b79a54c/hiredis-3.2.1-cp313-cp313-macosx_10_15_x86_64.whl", hash = "sha256:db85cb86f8114c314d0ec6d8de25b060a2590b4713135240d568da4f7dea97ac", size = 45404 },
    { url = "https://files.pythonhosted.org/packages/87/51/d30a4aadab8670ed9d40df4982bc06c891ee1da5cdd88d16a74e1ecbd520/hiredis-3.2.1-cp313-cp313-macosx_11_0_arm64.whl", hash = "sha256:c9a592a49b7b8497e4e62c3ff40700d0c7f1a42d145b71e3e23c385df573c964", size = 43301 },
    { url = "https://files.pythonhosted.org/packages/f7/7b/2c613e1bb5c2e2bac36e8befeefdd58b42816befb17e26ab600adfe337fb/hiredis-3.2.1-cp313-cp313-manylinux_2_17_aarch64.manylinux2014_aarch64.whl", hash = "sha256:0079ef1e03930b364556b78548e67236ab3def4e07e674f6adfc52944aa972dd", size = 172486 },
    { url = "https://files.pythonhosted.org/packages/1e/df/8f2c4fcc28d6f5178b25ee1ba2157cc473f9908c16ce4b8e0bdd79e38b05/hiredis-3.2.1-cp313-cp313-manylinux_2_17_i686.manylinux2014_i686.whl", hash = "sha256:1d6a290ed45d9c14f4c50b6bda07afb60f270c69b5cb626fd23a4c2fde9e3da1", size = 168532 },
    { url = "https://files.pythonhosted.org/packages/88/ae/d0864ffaa0461e29a6940a11c858daf78c99476c06ed531b41ad2255ec25/hiredis-3.2.1-cp313-cp313-manylinux_2_17_ppc64le.manylinux2014_ppc64le.whl", hash = "sha256:79dd5fe8c0892769f82949adeb021342ca46871af26e26945eb55d044fcdf0d0", size = 183216 },
    { url = "https://files.pythonhosted.org/packages/75/17/558e831b77692d73f5bcf8b493ab3eace9f11b0aa08839cdbb87995152c7/hiredis-3.2.1-cp313-cp313-manylinux_2_17_s390x.manylinux2014_s390x.whl", hash = "sha256:998a82281a159f4aebbfd4fb45cfe24eb111145206df2951d95bc75327983b58", size = 172689 },
    { url = "https://files.pythonhosted.org/packages/35/b9/4fccda21f930f08c5072ad51e825d85d457748138443d7b510afe77b8264/hiredis-3.2.1-cp313-cp313-manylinux_2_17_x86_64.manylinux2014_x86_64.whl", hash = "sha256:41fc3cd52368ffe7c8e489fb83af5e99f86008ed7f9d9ba33b35fec54f215c0a", size = 173319 },
    { url = "https://files.pythonhosted.org/packages/3d/8b/596d613588b0a3c58dfcf9a17edc6a886c4de6a3096e27c7142a94e2304d/hiredis-3.2.1-cp313-cp313-musllinux_1_2_aarch64.whl", hash = "sha256:8d10df3575ce09b0fa54b8582f57039dcbdafde5de698923a33f601d2e2a246c", size = 166695 },
    { url = "https://files.pythonhosted.org/packages/e7/5b/6a1c266e9f6627a8be1fa0d8622e35e35c76ae40cce6d1c78a7e6021184a/hiredis-3.2.1-cp313-cp313-musllinux_1_2_i686.whl", hash = "sha256:1ab010d04be33735ad8e643a40af0d68a21d70a57b1d0bff9b6a66b28cca9dbf", size = 165181 },
    { url = "https://files.pythonhosted.org/packages/6c/70/a9b91fa70d21763d9dfd1c27ddd378f130749a0ae4a0645552f754b3d1fc/hiredis-3.2.1-cp313-cp313-musllinux_1_2_ppc64le.whl", hash = "sha256:ec3b5f9ea34f70aaba3e061cbe1fa3556fea401d41f5af321b13e326792f3017", size = 177589 },
    { url = "https://files.pythonhosted.org/packages/1a/c7/31bbb015156dc4441f6e19daa9598266a61445bf3f6e14c44292764638f6/hiredis-3.2.1-cp313-cp313-musllinux_1_2_s390x.whl", hash = "sha256:158dfb505fff6bffd17f823a56effc0c2a7a8bc4fb659d79a52782f22eefc697", size = 169883 },
    { url = "https://files.pythonhosted.org/packages/89/44/cddc23379e0ce20ad7514b2adb2aa2c9b470ffb1ca0a2d8c020748962a22/hiredis-3.2.1-cp313-cp313-musllinux_1_2_x86_64.whl", hash = "sha256:9d632cd0ddd7895081be76748e6fb9286f81d2a51c371b516541c6324f2fdac9", size = 167585 },
    { url = "https://files.pythonhosted.org/packages/48/92/8fc9b981ed01fc2bbac463a203455cd493482b749801bb555ebac72923f1/hiredis-3.2.1-cp313-cp313-win32.whl", hash = "sha256:e9726d03e7df068bf755f6d1ecc61f7fc35c6b20363c7b1b96f39a14083df940", size = 20554 },
    { url = "https://files.pythonhosted.org/packages/e1/6e/e76341d68aa717a705a2ee3be6da9f4122a0d1e3f3ad93a7104ed7a81bea/hiredis-3.2.1-cp313-cp313-win_amd64.whl", hash = "sha256:b5b1653ad7263a001f2e907e81a957d6087625f9700fa404f1a2268c0a4f9059", size = 22136 },
]

[[package]]
name = "httpcore"
version = "1.0.9"
source = { registry = "https://pypi.org/simple" }
dependencies = [
    { name = "certifi" },
    { name = "h11" },
]
sdist = { url = "https://files.pythonhosted.org/packages/06/94/82699a10bca87a5556c9c59b5963f2d039dbd239f25bc2a63907a05a14cb/httpcore-1.0.9.tar.gz", hash = "sha256:6e34463af53fd2ab5d807f399a9b45ea31c3dfa2276f15a2c3f00afff6e176e8", size = 85484 }
wheels = [
    { url = "https://files.pythonhosted.org/packages/7e/f5/f66802a942d491edb555dd61e3a9961140fd64c90bce1eafd741609d334d/httpcore-1.0.9-py3-none-any.whl", hash = "sha256:2d400746a40668fc9dec9810239072b40b4484b640a8c38fd654a024c7a1bf55", size = 78784 },
]

[[package]]
name = "httpx"
version = "0.28.1"
source = { registry = "https://pypi.org/simple" }
dependencies = [
    { name = "anyio" },
    { name = "certifi" },
    { name = "httpcore" },
    { name = "idna" },
]
sdist = { url = "https://files.pythonhosted.org/packages/b1/df/48c586a5fe32a0f01324ee087459e112ebb7224f646c0b5023f5e79e9956/httpx-0.28.1.tar.gz", hash = "sha256:75e98c5f16b0f35b567856f597f06ff2270a374470a5c2392242528e3e3e42fc", size = 141406 }
wheels = [
    { url = "https://files.pythonhosted.org/packages/2a/39/e50c7c3a983047577ee07d2a9e53faf5a69493943ec3f6a384bdc792deb2/httpx-0.28.1-py3-none-any.whl", hash = "sha256:d909fcccc110f8c7faf814ca82a9a4d816bc5a6dbfea25d6591d6985b8ba59ad", size = 73517 },
]

[[package]]
name = "idna"
version = "3.10"
source = { registry = "https://pypi.org/simple" }
sdist = { url = "https://files.pythonhosted.org/packages/f1/70/7703c29685631f5a7590aa73f1f1d3fa9a380e654b86af429e0934a32f7d/idna-3.10.tar.gz", hash = "sha256:12f65c9b470abda6dc35cf8e63cc574b1c52b11df2c86030af0ac09b01b13ea9", size = 190490 }
wheels = [
    { url = "https://files.pythonhosted.org/packages/76/c6/c88e154df9c4e1a2a66ccf0005a88dfb2650c1dffb6f5ce603dfbd452ce3/idna-3.10-py3-none-any.whl", hash = "sha256:946d195a0d259cbba61165e88e65941f16e9b36ea6ddb97f00452bae8b1287d3", size = 70442 },
]

[[package]]
name = "importlib-metadata"
version = "8.7.0"
source = { registry = "https://pypi.org/simple" }
dependencies = [
    { name = "zipp" },
]
sdist = { url = "https://files.pythonhosted.org/packages/76/66/650a33bd90f786193e4de4b3ad86ea60b53c89b669a5c7be931fac31cdb0/importlib_metadata-8.7.0.tar.gz", hash = "sha256:d13b81ad223b890aa16c5471f2ac3056cf76c5f10f82d6f9292f0b415f389000", size = 56641 }
wheels = [
    { url = "https://files.pythonhosted.org/packages/20/b0/36bd937216ec521246249be3bf9855081de4c5e06a0c9b4219dbeda50373/importlib_metadata-8.7.0-py3-none-any.whl", hash = "sha256:e5dd1551894c77868a30651cef00984d50e1002d06942a7101d34870c5f02afd", size = 27656 },
]

[[package]]
name = "jiter"
version = "0.10.0"
source = { registry = "https://pypi.org/simple" }
sdist = { url = "https://files.pythonhosted.org/packages/ee/9d/ae7ddb4b8ab3fb1b51faf4deb36cb48a4fbbd7cb36bad6a5fca4741306f7/jiter-0.10.0.tar.gz", hash = "sha256:07a7142c38aacc85194391108dc91b5b57093c978a9932bd86a36862759d9500", size = 162759 }
wheels = [
    { url = "https://files.pythonhosted.org/packages/2e/b0/279597e7a270e8d22623fea6c5d4eeac328e7d95c236ed51a2b884c54f70/jiter-0.10.0-cp313-cp313-macosx_10_12_x86_64.whl", hash = "sha256:e0588107ec8e11b6f5ef0e0d656fb2803ac6cf94a96b2b9fc675c0e3ab5e8644", size = 311617 },
    { url = "https://files.pythonhosted.org/packages/91/e3/0916334936f356d605f54cc164af4060e3e7094364add445a3bc79335d46/jiter-0.10.0-cp313-cp313-macosx_11_0_arm64.whl", hash = "sha256:cafc4628b616dc32530c20ee53d71589816cf385dd9449633e910d596b1f5c8a", size = 318947 },
    { url = "https://files.pythonhosted.org/packages/6a/8e/fd94e8c02d0e94539b7d669a7ebbd2776e51f329bb2c84d4385e8063a2ad/jiter-0.10.0-cp313-cp313-manylinux_2_17_aarch64.manylinux2014_aarch64.whl", hash = "sha256:520ef6d981172693786a49ff5b09eda72a42e539f14788124a07530f785c3ad6", size = 344618 },
    { url = "https://files.pythonhosted.org/packages/6f/b0/f9f0a2ec42c6e9c2e61c327824687f1e2415b767e1089c1d9135f43816bd/jiter-0.10.0-cp313-cp313-manylinux_2_17_armv7l.manylinux2014_armv7l.whl", hash = "sha256:554dedfd05937f8fc45d17ebdf298fe7e0c77458232bcb73d9fbbf4c6455f5b3", size = 368829 },
    { url = "https://files.pythonhosted.org/packages/e8/57/5bbcd5331910595ad53b9fd0c610392ac68692176f05ae48d6ce5c852967/jiter-0.10.0-cp313-cp313-manylinux_2_17_ppc64le.manylinux2014_ppc64le.whl", hash = "sha256:5bc299da7789deacf95f64052d97f75c16d4fc8c4c214a22bf8d859a4288a1c2", size = 491034 },
    { url = "https://files.pythonhosted.org/packages/9b/be/c393df00e6e6e9e623a73551774449f2f23b6ec6a502a3297aeeece2c65a/jiter-0.10.0-cp313-cp313-manylinux_2_17_s390x.manylinux2014_s390x.whl", hash = "sha256:5161e201172de298a8a1baad95eb85db4fb90e902353b1f6a41d64ea64644e25", size = 388529 },
    { url = "https://files.pythonhosted.org/packages/42/3e/df2235c54d365434c7f150b986a6e35f41ebdc2f95acea3036d99613025d/jiter-0.10.0-cp313-cp313-manylinux_2_17_x86_64.manylinux2014_x86_64.whl", hash = "sha256:2e2227db6ba93cb3e2bf67c87e594adde0609f146344e8207e8730364db27041", size = 350671 },
    { url = "https://files.pythonhosted.org/packages/c6/77/71b0b24cbcc28f55ab4dbfe029f9a5b73aeadaba677843fc6dc9ed2b1d0a/jiter-0.10.0-cp313-cp313-manylinux_2_5_i686.manylinux1_i686.whl", hash = "sha256:15acb267ea5e2c64515574b06a8bf393fbfee6a50eb1673614aa45f4613c0cca", size = 390864 },
    { url = "https://files.pythonhosted.org/packages/6a/d3/ef774b6969b9b6178e1d1e7a89a3bd37d241f3d3ec5f8deb37bbd203714a/jiter-0.10.0-cp313-cp313-musllinux_1_1_aarch64.whl", hash = "sha256:901b92f2e2947dc6dfcb52fd624453862e16665ea909a08398dde19c0731b7f4", size = 522989 },
    { url = "https://files.pythonhosted.org/packages/0c/41/9becdb1d8dd5d854142f45a9d71949ed7e87a8e312b0bede2de849388cb9/jiter-0.10.0-cp313-cp313-musllinux_1_1_x86_64.whl", hash = "sha256:d0cb9a125d5a3ec971a094a845eadde2db0de85b33c9f13eb94a0c63d463879e", size = 513495 },
    { url = "https://files.pythonhosted.org/packages/9c/36/3468e5a18238bdedae7c4d19461265b5e9b8e288d3f86cd89d00cbb48686/jiter-0.10.0-cp313-cp313-win32.whl", hash = "sha256:48a403277ad1ee208fb930bdf91745e4d2d6e47253eedc96e2559d1e6527006d", size = 211289 },
    { url = "https://files.pythonhosted.org/packages/7e/07/1c96b623128bcb913706e294adb5f768fb7baf8db5e1338ce7b4ee8c78ef/jiter-0.10.0-cp313-cp313-win_amd64.whl", hash = "sha256:75f9eb72ecb640619c29bf714e78c9c46c9c4eaafd644bf78577ede459f330d4", size = 205074 },
    { url = "https://files.pythonhosted.org/packages/54/46/caa2c1342655f57d8f0f2519774c6d67132205909c65e9aa8255e1d7b4f4/jiter-0.10.0-cp313-cp313t-macosx_11_0_arm64.whl", hash = "sha256:28ed2a4c05a1f32ef0e1d24c2611330219fed727dae01789f4a335617634b1ca", size = 318225 },
    { url = "https://files.pythonhosted.org/packages/43/84/c7d44c75767e18946219ba2d703a5a32ab37b0bc21886a97bc6062e4da42/jiter-0.10.0-cp313-cp313t-manylinux_2_17_x86_64.manylinux2014_x86_64.whl", hash = "sha256:14a4c418b1ec86a195f1ca69da8b23e8926c752b685af665ce30777233dfe070", size = 350235 },
    { url = "https://files.pythonhosted.org/packages/01/16/f5a0135ccd968b480daad0e6ab34b0c7c5ba3bc447e5088152696140dcb3/jiter-0.10.0-cp313-cp313t-win_amd64.whl", hash = "sha256:d7bfed2fe1fe0e4dda6ef682cee888ba444b21e7a6553e03252e4feb6cf0adca", size = 207278 },
    { url = "https://files.pythonhosted.org/packages/1c/9b/1d646da42c3de6c2188fdaa15bce8ecb22b635904fc68be025e21249ba44/jiter-0.10.0-cp314-cp314-macosx_10_12_x86_64.whl", hash = "sha256:5e9251a5e83fab8d87799d3e1a46cb4b7f2919b895c6f4483629ed2446f66522", size = 310866 },
    { url = "https://files.pythonhosted.org/packages/ad/0e/26538b158e8a7c7987e94e7aeb2999e2e82b1f9d2e1f6e9874ddf71ebda0/jiter-0.10.0-cp314-cp314-macosx_11_0_arm64.whl", hash = "sha256:023aa0204126fe5b87ccbcd75c8a0d0261b9abdbbf46d55e7ae9f8e22424eeb8", size = 318772 },
    { url = "https://files.pythonhosted.org/packages/7b/fb/d302893151caa1c2636d6574d213e4b34e31fd077af6050a9c5cbb42f6fb/jiter-0.10.0-cp314-cp314-manylinux_2_17_aarch64.manylinux2014_aarch64.whl", hash = "sha256:3c189c4f1779c05f75fc17c0c1267594ed918996a231593a21a5ca5438445216", size = 344534 },
    { url = "https://files.pythonhosted.org/packages/01/d8/5780b64a149d74e347c5128d82176eb1e3241b1391ac07935693466d6219/jiter-0.10.0-cp314-cp314-manylinux_2_17_armv7l.manylinux2014_armv7l.whl", hash = "sha256:15720084d90d1098ca0229352607cd68256c76991f6b374af96f36920eae13c4", size = 369087 },
    { url = "https://files.pythonhosted.org/packages/e8/5b/f235a1437445160e777544f3ade57544daf96ba7e96c1a5b24a6f7ac7004/jiter-0.10.0-cp314-cp314-manylinux_2_17_ppc64le.manylinux2014_ppc64le.whl", hash = "sha256:e4f2fb68e5f1cfee30e2b2a09549a00683e0fde4c6a2ab88c94072fc33cb7426", size = 490694 },
    { url = "https://files.pythonhosted.org/packages/85/a9/9c3d4617caa2ff89cf61b41e83820c27ebb3f7b5fae8a72901e8cd6ff9be/jiter-0.10.0-cp314-cp314-manylinux_2_17_s390x.manylinux2014_s390x.whl", hash = "sha256:ce541693355fc6da424c08b7edf39a2895f58d6ea17d92cc2b168d20907dee12", size = 388992 },
    { url = "https://files.pythonhosted.org/packages/68/b1/344fd14049ba5c94526540af7eb661871f9c54d5f5601ff41a959b9a0bbd/jiter-0.10.0-cp314-cp314-manylinux_2_17_x86_64.manylinux2014_x86_64.whl", hash = "sha256:31c50c40272e189d50006ad5c73883caabb73d4e9748a688b216e85a9a9ca3b9", size = 351723 },
    { url = "https://files.pythonhosted.org/packages/41/89/4c0e345041186f82a31aee7b9d4219a910df672b9fef26f129f0cda07a29/jiter-0.10.0-cp314-cp314-manylinux_2_5_i686.manylinux1_i686.whl", hash = "sha256:fa3402a2ff9815960e0372a47b75c76979d74402448509ccd49a275fa983ef8a", size = 392215 },
    { url = "https://files.pythonhosted.org/packages/55/58/ee607863e18d3f895feb802154a2177d7e823a7103f000df182e0f718b38/jiter-0.10.0-cp314-cp314-musllinux_1_1_aarch64.whl", hash = "sha256:1956f934dca32d7bb647ea21d06d93ca40868b505c228556d3373cbd255ce853", size = 522762 },
    { url = "https://files.pythonhosted.org/packages/15/d0/9123fb41825490d16929e73c212de9a42913d68324a8ce3c8476cae7ac9d/jiter-0.10.0-cp314-cp314-musllinux_1_1_x86_64.whl", hash = "sha256:fcedb049bdfc555e261d6f65a6abe1d5ad68825b7202ccb9692636c70fcced86", size = 513427 },
    { url = "https://files.pythonhosted.org/packages/d8/b3/2bd02071c5a2430d0b70403a34411fc519c2f227da7b03da9ba6a956f931/jiter-0.10.0-cp314-cp314-win32.whl", hash = "sha256:ac509f7eccca54b2a29daeb516fb95b6f0bd0d0d8084efaf8ed5dfc7b9f0b357", size = 210127 },
    { url = "https://files.pythonhosted.org/packages/03/0c/5fe86614ea050c3ecd728ab4035534387cd41e7c1855ef6c031f1ca93e3f/jiter-0.10.0-cp314-cp314t-macosx_11_0_arm64.whl", hash = "sha256:5ed975b83a2b8639356151cef5c0d597c68376fc4922b45d0eb384ac058cfa00", size = 318527 },
    { url = "https://files.pythonhosted.org/packages/b3/4a/4175a563579e884192ba6e81725fc0448b042024419be8d83aa8a80a3f44/jiter-0.10.0-cp314-cp314t-manylinux_2_17_x86_64.manylinux2014_x86_64.whl", hash = "sha256:3aa96f2abba33dc77f79b4cf791840230375f9534e5fac927ccceb58c5e604a5", size = 354213 },
]

[[package]]
name = "logfire-api"
version = "4.3.4"
source = { registry = "https://pypi.org/simple" }
sdist = { url = "https://files.pythonhosted.org/packages/c0/61/f95fdf4c24891522f4889fe7eb69a4a5e45bb0e05922aa465d1e1aae5072/logfire_api-4.3.4.tar.gz", hash = "sha256:1dde67fb36aa465581a083b049fcb9287acde10ec2806b99e7815b587f64153b", size = 52883 }
wheels = [
    { url = "https://files.pythonhosted.org/packages/3a/58/739d81486f9279bc9714cb3f4d17586aa712c822b05847f72aa24453d0de/logfire_api-4.3.4-py3-none-any.whl", hash = "sha256:0a1d25aecfe0484d70f74223949713317e1bb330bb95059a78b192e135f57451", size = 88446 },
]

[[package]]
name = "openai"
version = "1.107.2"
source = { registry = "https://pypi.org/simple" }
dependencies = [
    { name = "anyio" },
    { name = "distro" },
    { name = "httpx" },
    { name = "jiter" },
    { name = "pydantic" },
    { name = "sniffio" },
    { name = "tqdm" },
    { name = "typing-extensions" },
]
sdist = { url = "https://files.pythonhosted.org/packages/a0/66/61b0c63b68df8a22f8763d7d632ea7255edb4021dca1859f4359a5659b85/openai-1.107.2.tar.gz", hash = "sha256:a11fe8d4318e98e94309308dd3a25108dec4dfc1b606f9b1c5706e8d88bdd3cb", size = 564155 }
wheels = [
    { url = "https://files.pythonhosted.org/packages/d3/65/e51a77a368eed7b9cc22ce394087ab43f13fa2884724729b716adf2da389/openai-1.107.2-py3-none-any.whl", hash = "sha256:d159d4f3ee3d9c717b248c5d69fe93d7773a80563c8b1ca8e9cad789d3cf0260", size = 946937 },
]

[[package]]
name = "opentelemetry-api"
version = "1.36.0"
source = { registry = "https://pypi.org/simple" }
dependencies = [
    { name = "importlib-metadata" },
    { name = "typing-extensions" },
]
sdist = { url = "https://files.pythonhosted.org/packages/27/d2/c782c88b8afbf961d6972428821c302bd1e9e7bc361352172f0ca31296e2/opentelemetry_api-1.36.0.tar.gz", hash = "sha256:9a72572b9c416d004d492cbc6e61962c0501eaf945ece9b5a0f56597d8348aa0", size = 64780 }
wheels = [
    { url = "https://files.pythonhosted.org/packages/bb/ee/6b08dde0a022c463b88f55ae81149584b125a42183407dc1045c486cc870/opentelemetry_api-1.36.0-py3-none-any.whl", hash = "sha256:02f20bcacf666e1333b6b1f04e647dc1d5111f86b8e510238fcc56d7762cda8c", size = 65564 },
]

[[package]]
name = "pydantic"
version = "2.11.7"
source = { registry = "https://pypi.org/simple" }
dependencies = [
    { name = "annotated-types" },
    { name = "pydantic-core" },
    { name = "typing-extensions" },
    { name = "typing-inspection" },
]
sdist = { url = "https://files.pythonhosted.org/packages/00/dd/4325abf92c39ba8623b5af936ddb36ffcfe0beae70405d456ab1fb2f5b8c/pydantic-2.11.7.tar.gz", hash = "sha256:d989c3c6cb79469287b1569f7447a17848c998458d49ebe294e975b9baf0f0db", size = 788350 }
wheels = [
    { url = "https://files.pythonhosted.org/packages/6a/c0/ec2b1c8712ca690e5d61979dee872603e92b8a32f94cc1b72d53beab008a/pydantic-2.11.7-py3-none-any.whl", hash = "sha256:dde5df002701f6de26248661f6835bbe296a47bf73990135c7d07ce741b9623b", size = 444782 },
]

[[package]]
name = "pydantic-ai-slim"
version = "1.0.6"
source = { registry = "https://pypi.org/simple" }
dependencies = [
    { name = "genai-prices" },
    { name = "griffe" },
    { name = "httpx" },
    { name = "opentelemetry-api" },
    { name = "pydantic" },
    { name = "pydantic-graph" },
    { name = "typing-inspection" },
]
sdist = { url = "https://files.pythonhosted.org/packages/8b/d6/e3577e42e14d86c938ffaa5ab883ba8f8a459396000db5841aaedb569164/pydantic_ai_slim-1.0.6.tar.gz", hash = "sha256:fba468a874ba783353ce4ddfac0f7bea23941ba16d588cd75fd1ca35d9fec872", size = 242744 }
wheels = [
    { url = "https://files.pythonhosted.org/packages/71/d5/a3fd96ac369b378e29592a27f81f2ebcc47ee371f323ef91675b01db6774/pydantic_ai_slim-1.0.6-py3-none-any.whl", hash = "sha256:12e65ca521f8dbdce55e81dad34d03e4a1ac7dc799c8f9cb3bf11e96e9ec8e64", size = 325607 },
]

[package.optional-dependencies]
openai = [
    { name = "openai" },
]

[[package]]
name = "pydantic-core"
version = "2.33.2"
source = { registry = "https://pypi.org/simple" }
dependencies = [
    { name = "typing-extensions" },
]
sdist = { url = "https://files.pythonhosted.org/packages/ad/88/5f2260bdfae97aabf98f1778d43f69574390ad787afb646292a638c923d4/pydantic_core-2.33.2.tar.gz", hash = "sha256:7cb8bc3605c29176e1b105350d2e6474142d7c1bd1d9327c4a9bdb46bf827acc", size = 435195 }
wheels = [
    { url = "https://files.pythonhosted.org/packages/46/8c/99040727b41f56616573a28771b1bfa08a3d3fe74d3d513f01251f79f172/pydantic_core-2.33.2-cp313-cp313-macosx_10_12_x86_64.whl", hash = "sha256:1082dd3e2d7109ad8b7da48e1d4710c8d06c253cbc4a27c1cff4fbcaa97a9e3f", size = 2015688 },
    { url = "https://files.pythonhosted.org/packages/3a/cc/5999d1eb705a6cefc31f0b4a90e9f7fc400539b1a1030529700cc1b51838/pydantic_core-2.33.2-cp313-cp313-macosx_11_0_arm64.whl", hash = "sha256:f517ca031dfc037a9c07e748cefd8d96235088b83b4f4ba8939105d20fa1dcd6", size = 1844808 },
    { url = "https://files.pythonhosted.org/packages/6f/5e/a0a7b8885c98889a18b6e376f344da1ef323d270b44edf8174d6bce4d622/pydantic_core-2.33.2-cp313-cp313-manylinux_2_17_aarch64.manylinux2014_aarch64.whl", hash = "sha256:0a9f2c9dd19656823cb8250b0724ee9c60a82f3cdf68a080979d13092a3b0fef", size = 1885580 },
    { url = "https://files.pythonhosted.org/packages/3b/2a/953581f343c7d11a304581156618c3f592435523dd9d79865903272c256a/pydantic_core-2.33.2-cp313-cp313-manylinux_2_17_armv7l.manylinux2014_armv7l.whl", hash = "sha256:2b0a451c263b01acebe51895bfb0e1cc842a5c666efe06cdf13846c7418caa9a", size = 1973859 },
    { url = "https://files.pythonhosted.org/packages/e6/55/f1a813904771c03a3f97f676c62cca0c0a4138654107c1b61f19c644868b/pydantic_core-2.33.2-cp313-cp313-manylinux_2_17_ppc64le.manylinux2014_ppc64le.whl", hash = "sha256:1ea40a64d23faa25e62a70ad163571c0b342b8bf66d5fa612ac0dec4f069d916", size = 2120810 },
    { url = "https://files.pythonhosted.org/packages/aa/c3/053389835a996e18853ba107a63caae0b9deb4a276c6b472931ea9ae6e48/pydantic_core-2.33.2-cp313-cp313-manylinux_2_17_s390x.manylinux2014_s390x.whl", hash = "sha256:0fb2d542b4d66f9470e8065c5469ec676978d625a8b7a363f07d9a501a9cb36a", size = 2676498 },
    { url = "https://files.pythonhosted.org/packages/eb/3c/f4abd740877a35abade05e437245b192f9d0ffb48bbbbd708df33d3cda37/pydantic_core-2.33.2-cp313-cp313-manylinux_2_17_x86_64.manylinux2014_x86_64.whl", hash = "sha256:9fdac5d6ffa1b5a83bca06ffe7583f5576555e6c8b3a91fbd25ea7780f825f7d", size = 2000611 },
    { url = "https://files.pythonhosted.org/packages/59/a7/63ef2fed1837d1121a894d0ce88439fe3e3b3e48c7543b2a4479eb99c2bd/pydantic_core-2.33.2-cp313-cp313-manylinux_2_5_i686.manylinux1_i686.whl", hash = "sha256:04a1a413977ab517154eebb2d326da71638271477d6ad87a769102f7c2488c56", size = 2107924 },
    { url = "https://files.pythonhosted.org/packages/04/8f/2551964ef045669801675f1cfc3b0d74147f4901c3ffa42be2ddb1f0efc4/pydantic_core-2.33.2-cp313-cp313-musllinux_1_1_aarch64.whl", hash = "sha256:c8e7af2f4e0194c22b5b37205bfb293d166a7344a5b0d0eaccebc376546d77d5", size = 2063196 },
    { url = "https://files.pythonhosted.org/packages/26/bd/d9602777e77fc6dbb0c7db9ad356e9a985825547dce5ad1d30ee04903918/pydantic_core-2.33.2-cp313-cp313-musllinux_1_1_armv7l.whl", hash = "sha256:5c92edd15cd58b3c2d34873597a1e20f13094f59cf88068adb18947df5455b4e", size = 2236389 },
    { url = "https://files.pythonhosted.org/packages/42/db/0e950daa7e2230423ab342ae918a794964b053bec24ba8af013fc7c94846/pydantic_core-2.33.2-cp313-cp313-musllinux_1_1_x86_64.whl", hash = "sha256:65132b7b4a1c0beded5e057324b7e16e10910c106d43675d9bd87d4f38dde162", size = 2239223 },
    { url = "https://files.pythonhosted.org/packages/58/4d/4f937099c545a8a17eb52cb67fe0447fd9a373b348ccfa9a87f141eeb00f/pydantic_core-2.33.2-cp313-cp313-win32.whl", hash = "sha256:52fb90784e0a242bb96ec53f42196a17278855b0f31ac7c3cc6f5c1ec4811849", size = 1900473 },
    { url = "https://files.pythonhosted.org/packages/a0/75/4a0a9bac998d78d889def5e4ef2b065acba8cae8c93696906c3a91f310ca/pydantic_core-2.33.2-cp313-cp313-win_amd64.whl", hash = "sha256:c083a3bdd5a93dfe480f1125926afcdbf2917ae714bdb80b36d34318b2bec5d9", size = 1955269 },
    { url = "https://files.pythonhosted.org/packages/f9/86/1beda0576969592f1497b4ce8e7bc8cbdf614c352426271b1b10d5f0aa64/pydantic_core-2.33.2-cp313-cp313-win_arm64.whl", hash = "sha256:e80b087132752f6b3d714f041ccf74403799d3b23a72722ea2e6ba2e892555b9", size = 1893921 },
    { url = "https://files.pythonhosted.org/packages/a4/7d/e09391c2eebeab681df2b74bfe6c43422fffede8dc74187b2b0bf6fd7571/pydantic_core-2.33.2-cp313-cp313t-macosx_11_0_arm64.whl", hash = "sha256:61c18fba8e5e9db3ab908620af374db0ac1baa69f0f32df4f61ae23f15e586ac", size = 1806162 },
    { url = "https://files.pythonhosted.org/packages/f1/3d/847b6b1fed9f8ed3bb95a9ad04fbd0b212e832d4f0f50ff4d9ee5a9f15cf/pydantic_core-2.33.2-cp313-cp313t-manylinux_2_17_x86_64.manylinux2014_x86_64.whl", hash = "sha256:95237e53bb015f67b63c91af7518a62a8660376a6a0db19b89acc77a4d6199f5", size = 1981560 },
    { url = "https://files.pythonhosted.org/packages/6f/9a/e73262f6c6656262b5fdd723ad90f518f579b7bc8622e43a942eec53c938/pydantic_core-2.33.2-cp313-cp313t-win_amd64.whl", hash = "sha256:c2fc0a768ef76c15ab9238afa6da7f69895bb5d1ee83aeea2e3509af4472d0b9", size = 1935777 },
]

[[package]]
name = "pydantic-graph"
version = "1.0.6"
source = { registry = "https://pypi.org/simple" }
dependencies = [
    { name = "httpx" },
    { name = "logfire-api" },
    { name = "pydantic" },
    { name = "typing-inspection" },
]
sdist = { url = "https://files.pythonhosted.org/packages/9b/fc/83863300aaebcbe989e96f263e83daaf1ff25738986d322e8e506a7280ad/pydantic_graph-1.0.6.tar.gz", hash = "sha256:8497ab38b6558ee19a51400e684ac09c6a18da23cad5da9af4db14ef58728677", size = 21904 }
wheels = [
    { url = "https://files.pythonhosted.org/packages/82/b1/e9fa9512f97269ef79e3ba9c332c2332da7f094518b62fc2da2a4d905d97/pydantic_graph-1.0.6-py3-none-any.whl", hash = "sha256:de4d719e6f4d7d92f8675d99852bbca18713a2615a2b188257f00cc497fd4be4", size = 27540 },
]

[[package]]
name = "pydantic-settings"
version = "2.10.1"
source = { registry = "https://pypi.org/simple" }
dependencies = [
    { name = "pydantic" },
    { name = "python-dotenv" },
    { name = "typing-inspection" },
]
sdist = { url = "https://files.pythonhosted.org/packages/68/85/1ea668bbab3c50071ca613c6ab30047fb36ab0da1b92fa8f17bbc38fd36c/pydantic_settings-2.10.1.tar.gz", hash = "sha256:06f0062169818d0f5524420a360d632d5857b83cffd4d42fe29597807a1614ee", size = 172583 }
wheels = [
    { url = "https://files.pythonhosted.org/packages/58/f0/427018098906416f580e3cf1366d3b1abfb408a0652e9f31600c24a1903c/pydantic_settings-2.10.1-py3-none-any.whl", hash = "sha256:a60952460b99cf661dc25c29c0ef171721f98bfcb52ef8d9ea4c943d7c8cc796", size = 45235 },
]

[[package]]
name = "python-dotenv"
version = "1.1.1"
source = { registry = "https://pypi.org/simple" }
sdist = { url = "https://files.pythonhosted.org/packages/f6/b0/4bc07ccd3572a2f9df7e6782f52b0c6c90dcbb803ac4a167702d7d0dfe1e/python_dotenv-1.1.1.tar.gz", hash = "sha256:a8a6399716257f45be6a007360200409fce5cda2661e3dec71d23dc15f6189ab", size = 41978 }
wheels = [
    { url = "https://files.pythonhosted.org/packages/5f/ed/539768cf28c661b5b068d66d96a2f155c4971a5d55684a514c1a0e0dec2f/python_dotenv-1.1.1-py3-none-any.whl", hash = "sha256:31f23644fe2602f88ff55e1f5c79ba497e01224ee7737937930c448e4d0e24dc", size = 20556 },
]

[[package]]
name = "redis"
version = "6.4.0"
source = { registry = "https://pypi.org/simple" }
sdist = { url = "https://files.pythonhosted.org/packages/0d/d6/e8b92798a5bd67d659d51a18170e91c16ac3b59738d91894651ee255ed49/redis-6.4.0.tar.gz", hash = "sha256:b01bc7282b8444e28ec36b261df5375183bb47a07eb9c603f284e89cbc5ef010", size = 4647399 }
wheels = [
    { url = "https://files.pythonhosted.org/packages/e8/02/89e2ed7e85db6c93dfa9e8f691c5087df4e3551ab39081a4d7c6d1f90e05/redis-6.4.0-py3-none-any.whl", hash = "sha256:f0544fa9604264e9464cdf4814e7d4830f74b165d52f2a330a760a88dd248b7f", size = 279847 },
]

[package.optional-dependencies]
hiredis = [
    { name = "hiredis" },
]

[[package]]
name = "slack-bolt"
version = "1.23.0"
source = { registry = "https://pypi.org/simple" }
dependencies = [
    { name = "slack-sdk" },
]
sdist = { url = "https://files.pythonhosted.org/packages/a5/c9/7421458765061cb98e01a12d6cadc273ee35e75856b0073ec7c3efa5cf46/slack_bolt-1.23.0.tar.gz", hash = "sha256:3d2c3eb13131407a94f925eb22b180d352c2d97b808303ef92b7a46d6508c843", size = 130659 }
wheels = [
    { url = "https://files.pythonhosted.org/packages/c8/48/6f435d702a680307488c7d8d3bd6e12552bbf2ff3e0eb67ccb7d0850d122/slack_bolt-1.23.0-py2.py3-none-any.whl", hash = "sha256:6d6ae39d80c964c362505ae4e587eed2b26dbc3a9f0cb76af1150c30fb670488", size = 229691 },
]

[[package]]
name = "slack-bot"
version = "0.1.0"
source = { virtual = "." }
dependencies = [
    { name = "pydantic-ai-slim", extra = ["openai"] },
    { name = "pydantic-settings" },
    { name = "redis", extra = ["hiredis"] },
    { name = "slack-bolt" },
]

[package.metadata]
requires-dist = [
    { name = "pydantic-ai-slim", extras = ["openai"], specifier = ">=1.0.0" },
    { name = "pydantic-settings", specifier = ">=2.10.1" },
    { name = "redis", extras = ["hiredis"], specifier = ">=6.4.0" },
    { name = "slack-bolt", specifier = ">=1.23.0" },
]

[[package]]
name = "slack-sdk"
version = "3.36.0"
source = { registry = "https://pypi.org/simple" }
sdist = { url = "https://files.pythonhosted.org/packages/73/1e/bbf7fdd00306f097ddb839c23628b7e271128cc8f584b9cae8f704b3924e/slack_sdk-3.36.0.tar.gz", hash = "sha256:8586022bdbdf9f8f8d32f394540436c53b1e7c8da9d21e1eab4560ba70cfcffa", size = 233382 }
wheels = [
    { url = "https://files.pythonhosted.org/packages/70/9a/380d20856d9ea39fbc4d3bb66f076b0d72035ebe873eb05fc88ebee4125f/slack_sdk-3.36.0-py2.py3-none-any.whl", hash = "sha256:6c96887d7175fc1b0b2777b73bb65f39b5b8bee9bd8acfec071d64014f9e2d10", size = 293949 },
]

[[package]]
name = "sniffio"
version = "1.3.1"
source = { registry = "https://pypi.org/simple" }
sdist = { url = "https://files.pythonhosted.org/packages/a2/87/a6771e1546d97e7e041b6ae58d80074f81b7d5121207425c964ddf5cfdbd/sniffio-1.3.1.tar.gz", hash = "sha256:f4324edc670a0f49750a81b895f35c3adb843cca46f0530f79fc1babb23789dc", size = 20372 }
wheels = [
    { url = "https://files.pythonhosted.org/packages/e9/44/75a9c9421471a6c4805dbf2356f7c181a29c1879239abab1ea2cc8f38b40/sniffio-1.3.1-py3-none-any.whl", hash = "sha256:2f6da418d1f1e0fddd844478f41680e794e6051915791a034ff65e5f100525a2", size = 10235 },
]

[[package]]
name = "tqdm"
version = "4.67.1"
source = { registry = "https://pypi.org/simple" }
dependencies = [
    { name = "colorama", marker = "sys_platform == 'win32'" },
]
sdist = { url = "https://files.pythonhosted.org/packages/a8/4b/29b4ef32e036bb34e4ab51796dd745cdba7ed47ad142a9f4a1eb8e0c744d/tqdm-4.67.1.tar.gz", hash = "sha256:f8aef9c52c08c13a65f30ea34f4e5aac3fd1a34959879d7e59e63027286627f2", size = 169737 }
wheels = [
    { url = "https://files.pythonhosted.org/packages/d0/30/dc54f88dd4a2b5dc8a0279bdd7270e735851848b762aeb1c1184ed1f6b14/tqdm-4.67.1-py3-none-any.whl", hash = "sha256:26445eca388f82e72884e0d580d5464cd801a3ea01e63e5601bdff9ba6a48de2", size = 78540 },
]

[[package]]
name = "typing-extensions"
version = "4.14.1"
source = { registry = "https://pypi.org/simple" }
sdist = { url = "https://files.pythonhosted.org/packages/98/5a/da40306b885cc8c09109dc2e1abd358d5684b1425678151cdaed4731c822/typing_extensions-4.14.1.tar.gz", hash = "sha256:38b39f4aeeab64884ce9f74c94263ef78f3c22467c8724005483154c26648d36", size = 107673 }
wheels = [
    { url = "https://files.pythonhosted.org/packages/b5/00/d631e67a838026495268c2f6884f3711a15a9a2a96cd244fdaea53b823fb/typing_extensions-4.14.1-py3-none-any.whl", hash = "sha256:d1e1e3b58374dc93031d6eda2420a48ea44a36c2b4766a4fdeb3710755731d76", size = 43906 },
]

[[package]]
name = "typing-inspection"
version = "0.4.1"
source = { registry = "https://pypi.org/simple" }
dependencies = [
    { name = "typing-extensions" },
]
sdist = { url = "https://files.pythonhosted.org/packages/f8/b1/0c11f5058406b3af7609f121aaa6b609744687f1d158b3c3a5bf4cc94238/typing_inspection-0.4.1.tar.gz", hash = "sha256:6ae134cc0203c33377d43188d4064e9b357dba58cff3185f22924610e70a9d28", size = 75726 }
wheels = [
    { url = "https://files.pythonhosted.org/packages/17/69/cd203477f944c353c31bade965f880aa1061fd6bf05ded0726ca845b6ff7/typing_inspection-0.4.1-py3-none-any.whl", hash = "sha256:389055682238f53b04f7badcb49b989835495a96700ced5dab2d8feae4b26f51", size = 14552 },
]

[[package]]
name = "zipp"
version = "3.23.0"
source = { registry = "https://pypi.org/simple" }
sdist = { url = "https://files.pythonhosted.org/packages/e3/02/0f2892c661036d50ede074e376733dca2ae7c6eb617489437771209d4180/zipp-3.23.0.tar.gz", hash = "sha256:a07157588a12518c9d4034df3fbbee09c814741a33ff63c05fa29d26a2404166", size = 25547 }
wheels = [
    { url = "https://files.pythonhosted.org/packages/2e/54/647ade08bf0db230bfea292f893923872fd20be6ac6f53b2b936ba839d75/zipp-3.23.0-py3-none-any.whl", hash = "sha256:071652d6115ed432f5ce1d34c336c0adfd6a884660d1e9712a256d3d3bd4b14e", size = 10276 },
]
